
Microsoft Visual Studio Solution File, Format Version 12.00
# Visual Studio Version 17
VisualStudioVersion = 17.3.32825.248
MinimumVisualStudioVersion = 10.0.40219.1
Project("{FAE04EC0-301F-11D3-BF4B-00C04F79EFBC}") = "ViajesMetroplusE", "ViajesMetroplusE\ViajesMetroplusE.csproj", "{30C1170B-F672-4CFE-961C-137B24A6E077}"
EndProject
Project("{FAE04EC0-301F-11D3-BF4B-00C04F79EFBC}") = "viaje", "viaje\viaje.csproj", "{C2A37467-B313-42F6-A804-D4F8E7C61646}"
EndProject
Global
	GlobalSection(SolutionConfigurationPlatforms) = preSolution
		Debug|Any CPU = Debug|Any CPU
		Release|Any CPU = Release|Any CPU
	EndGlobalSection
	GlobalSection(ProjectConfigurationPlatforms) = postSolution
		{30C1170B-F672-4CFE-961C-137B24A6E077}.Debug|Any CPU.ActiveCfg = Debug|Any CPU
		{30C1170B-F672-4CFE-961C-137B24A6E077}.Debug|Any CPU.Build.0 = Debug|Any CPU
		{30C1170B-F672-4CFE-961C-137B24A6E077}.Release|Any CPU.ActiveCfg = Release|Any CPU
		{30C1170B-F672-4CFE-961C-137B24A6E077}.Release|Any CPU.Build.0 = Release|Any CPU
		{C2A37467-B313-42F6-A804-D4F8E7C61646}.Debug|Any CPU.ActiveCfg = Debug|Any CPU
		{C2A37467-B313-42F6-A804-D4F8E7C61646}.Debug|Any CPU.Build.0 = Debug|Any CPU
		{C2A37467-B313-42F6-A804-D4F8E7C61646}.Release|Any CPU.ActiveCfg = Release|Any CPU
		{C2A37467-B313-42F6-A804-D4F8E7C61646}.Release|Any CPU.Build.0 = Release|Any CPU
	EndGlobalSection
	GlobalSection(SolutionProperties) = preSolution
		HideSolutionNode = FALSE
	EndGlobalSection
	GlobalSection(ExtensibilityGlobals) = postSolution
		SolutionGuid = {3C9B66C2-0863-489E-B996-A98EDCF5C7A2}
	EndGlobalSection
EndGlobal
